// !$*UTF8*$!
{
	archiveVersion = 1;
	classes = {
	};
	objectVersion = 46;
	objects = {

/* Begin PBXBuildFile section */
		96C9870FC26DD8582F3567AE /* Pods_RideShareApp.framework in Frameworks */ = {isa = PBXBuildFile; fileRef = 7C124F6B9BD9856BD805323A /* Pods_RideShareApp.framework */; };
		BC14AD8B1F4A95E4002005C1 /* RoundedShadowView.swift in Sources */ = {isa = PBXBuildFile; fileRef = BC14AD8A1F4A95E4002005C1 /* RoundedShadowView.swift */; };
		BC14AD8D1F4A9763002005C1 /* RoundedImageView.swift in Sources */ = {isa = PBXBuildFile; fileRef = BC14AD8C1F4A9763002005C1 /* RoundedImageView.swift */; };
		BC2FD47D1F49B0C6002CB210 /* Gradiant View.swift in Sources */ = {isa = PBXBuildFile; fileRef = BC2FD47C1F49B0C6002CB210 /* Gradiant View.swift */; };
		BC59A2F61F48F2480081DA17 /* AppDelegate.swift in Sources */ = {isa = PBXBuildFile; fileRef = BC59A2F51F48F2480081DA17 /* AppDelegate.swift */; };
		BC59A2F81F48F2480081DA17 /* ViewController.swift in Sources */ = {isa = PBXBuildFile; fileRef = BC59A2F71F48F2480081DA17 /* ViewController.swift */; };
		BC59A2FB1F48F2480081DA17 /* Main.storyboard in Resources */ = {isa = PBXBuildFile; fileRef = BC59A2F91F48F2480081DA17 /* Main.storyboard */; };
		BC59A3001F48F2480081DA17 /* LaunchScreen.storyboard in Resources */ = {isa = PBXBuildFile; fileRef = BC59A2FE1F48F2480081DA17 /* LaunchScreen.storyboard */; };
		BC59A3081F48F2DB0081DA17 /* Assets.xcassets in Resources */ = {isa = PBXBuildFile; fileRef = BC59A3071F48F2DB0081DA17 /* Assets.xcassets */; };
/* End PBXBuildFile section */

/* Begin PBXFileReference section */
		1FE3C927836EC63BB0DC7F3B /* Pods-RideShareApp.release.xcconfig */ = {isa = PBXFileReference; includeInIndex = 1; lastKnownFileType = text.xcconfig; name = "Pods-RideShareApp.release.xcconfig"; path = "Pods/Target Support Files/Pods-RideShareApp/Pods-RideShareApp.release.xcconfig"; sourceTree = "<group>"; };
		7C124F6B9BD9856BD805323A /* Pods_RideShareApp.framework */ = {isa = PBXFileReference; explicitFileType = wrapper.framework; includeInIndex = 0; path = Pods_RideShareApp.framework; sourceTree = BUILT_PRODUCTS_DIR; };
		BC14AD8A1F4A95E4002005C1 /* RoundedShadowView.swift */ = {isa = PBXFileReference; fileEncoding = 4; lastKnownFileType = sourcecode.swift; path = RoundedShadowView.swift; sourceTree = "<group>"; };
		BC14AD8C1F4A9763002005C1 /* RoundedImageView.swift */ = {isa = PBXFileReference; fileEncoding = 4; lastKnownFileType = sourcecode.swift; path = RoundedImageView.swift; sourceTree = "<group>"; };
		BC2FD47C1F49B0C6002CB210 /* Gradiant View.swift */ = {isa = PBXFileReference; fileEncoding = 4; lastKnownFileType = sourcecode.swift; path = "Gradiant View.swift"; sourceTree = "<group>"; };
		BC59A2F21F48F2480081DA17 /* RideShareApp.app */ = {isa = PBXFileReference; explicitFileType = wrapper.application; includeInIndex = 0; path = RideShareApp.app; sourceTree = BUILT_PRODUCTS_DIR; };
		BC59A2F51F48F2480081DA17 /* AppDelegate.swift */ = {isa = PBXFileReference; lastKnownFileType = sourcecode.swift; path = AppDelegate.swift; sourceTree = "<group>"; };
		BC59A2F71F48F2480081DA17 /* ViewController.swift */ = {isa = PBXFileReference; lastKnownFileType = sourcecode.swift; path = ViewController.swift; sourceTree = "<group>"; };
		BC59A2FA1F48F2480081DA17 /* Base */ = {isa = PBXFileReference; lastKnownFileType = file.storyboard; name = Base; path = Base.lproj/Main.storyboard; sourceTree = "<group>"; };
		BC59A2FF1F48F2480081DA17 /* Base */ = {isa = PBXFileReference; lastKnownFileType = file.storyboard; name = Base; path = Base.lproj/LaunchScreen.storyboard; sourceTree = "<group>"; };
		BC59A3011F48F2480081DA17 /* Info.plist */ = {isa = PBXFileReference; lastKnownFileType = text.plist.xml; path = Info.plist; sourceTree = "<group>"; };
		BC59A3071F48F2DB0081DA17 /* Assets.xcassets */ = {isa = PBXFileReference; lastKnownFileType = folder.assetcatalog; path = Assets.xcassets; sourceTree = "<group>"; };
		C514F45A58CC283619AE35E6 /* Pods-RideShareApp.debug.xcconfig */ = {isa = PBXFileReference; includeInIndex = 1; lastKnownFileType = text.xcconfig; name = "Pods-RideShareApp.debug.xcconfig"; path = "Pods/Target Support Files/Pods-RideShareApp/Pods-RideShareApp.debug.xcconfig"; sourceTree = "<group>"; };
/* End PBXFileReference section */

/* Begin PBXFrameworksBuildPhase section */
		BC59A2EF1F48F2470081DA17 /* Frameworks */ = {
			isa = PBXFrameworksBuildPhase;
			buildActionMask = 2147483647;
			files = (
				96C9870FC26DD8582F3567AE /* Pods_RideShareApp.framework in Frameworks */,
			);
			runOnlyForDeploymentPostprocessing = 0;
		};
/* End PBXFrameworksBuildPhase section */

/* Begin PBXGroup section */
		12B9E07167B066EB19EEF636 /* Frameworks */ = {
			isa = PBXGroup;
			children = (
				7C124F6B9BD9856BD805323A /* Pods_RideShareApp.framework */,
			);
			name = Frameworks;
			sourceTree = "<group>";
		};
		2165E3C19BC0512CECE2F2BA /* Pods */ = {
			isa = PBXGroup;
			children = (
				C514F45A58CC283619AE35E6 /* Pods-RideShareApp.debug.xcconfig */,
				1FE3C927836EC63BB0DC7F3B /* Pods-RideShareApp.release.xcconfig */,
			);
			name = Pods;
			sourceTree = "<group>";
		};
		BC2FD4791F49B05E002CB210 /* Controller */ = {
			isa = PBXGroup;
			children = (
			);
			name = Controller;
			sourceTree = "<group>";
		};
		BC2FD47A1F49B069002CB210 /* View */ = {
			isa = PBXGroup;
			children = (
				BC2FD47C1F49B0C6002CB210 /* Gradiant View.swift */,
				BC14AD8A1F4A95E4002005C1 /* RoundedShadowView.swift */,
				BC14AD8C1F4A9763002005C1 /* RoundedImageView.swift */,
			);
			name = View;
			sourceTree = "<group>";
		};
		BC2FD47B1F49B06B002CB210 /* Model */ = {
			isa = PBXGroup;
			children = (
			);
			name = Model;
			sourceTree = "<group>";
		};
		BC59A2E91F48F2470081DA17 = {
			isa = PBXGroup;
			children = (
				BC59A2F41F48F2480081DA17 /* RideShareApp */,
				BC59A2F31F48F2480081DA17 /* Products */,
				2165E3C19BC0512CECE2F2BA /* Pods */,
				12B9E07167B066EB19EEF636 /* Frameworks */,
			);
			sourceTree = "<group>";
		};
		BC59A2F31F48F2480081DA17 /* Products */ = {
			isa = PBXGroup;
			children = (
				BC59A2F21F48F2480081DA17 /* RideShareApp.app */,
			);
			name = Products;
			sourceTree = "<group>";
		};
		BC59A2F41F48F2480081DA17 /* RideShareApp */ = {
			isa = PBXGroup;
			children = (
				BC2FD47B1F49B06B002CB210 /* Model */,
				BC2FD47A1F49B069002CB210 /* View */,
				BC2FD4791F49B05E002CB210 /* Controller */,
				BC59A2F51F48F2480081DA17 /* AppDelegate.swift */,
				BC59A2F71F48F2480081DA17 /* ViewController.swift */,
				BC59A2F91F48F2480081DA17 /* Main.storyboard */,
				BC59A3071F48F2DB0081DA17 /* Assets.xcassets */,
				BC59A2FE1F48F2480081DA17 /* LaunchScreen.storyboard */,
				BC59A3011F48F2480081DA17 /* Info.plist */,
			);
			path = RideShareApp;
			sourceTree = "<group>";
		};
/* End PBXGroup section */

/* Begin PBXNativeTarget section */
		BC59A2F11F48F2470081DA17 /* RideShareApp */ = {
			isa = PBXNativeTarget;
			buildConfigurationList = BC59A3041F48F2480081DA17 /* Build configuration list for PBXNativeTarget "RideShareApp" */;
			buildPhases = (
				551D08284C5057985F41A494 /* [CP] Check Pods Manifest.lock */,
				BC59A2EE1F48F2470081DA17 /* Sources */,
				BC59A2EF1F48F2470081DA17 /* Frameworks */,
				BC59A2F01F48F2470081DA17 /* Resources */,
				9B5F3155B38B84E801C0B0A5 /* [CP] Embed Pods Frameworks */,
				623C7AB4CCD2E507ABA22C1E /* [CP] Copy Pods Resources */,
			);
			buildRules = (
			);
			dependencies = (
			);
			name = RideShareApp;
			productName = RideShareApp;
			productReference = BC59A2F21F48F2480081DA17 /* RideShareApp.app */;
			productType = "com.apple.product-type.application";
		};
/* End PBXNativeTarget section */

/* Begin PBXProject section */
		BC59A2EA1F48F2470081DA17 /* Project object */ = {
			isa = PBXProject;
			attributes = {
				LastSwiftUpdateCheck = 0830;
				LastUpgradeCheck = 0830;
				ORGANIZATIONNAME = "Param Yonzon";
				TargetAttributes = {
					BC59A2F11F48F2470081DA17 = {
						CreatedOnToolsVersion = 8.3.3;
						DevelopmentTeam = 4XKJH5X7T2;
						ProvisioningStyle = Automatic;
					};
				};
			};
			buildConfigurationList = BC59A2ED1F48F2470081DA17 /* Build configuration list for PBXProject "RideShareApp" */;
			compatibilityVersion = "Xcode 3.2";
			developmentRegion = English;
			hasScannedForEncodings = 0;
			knownRegions = (
				en,
				Base,
			);
			mainGroup = BC59A2E91F48F2470081DA17;
			productRefGroup = BC59A2F31F48F2480081DA17 /* Products */;
			projectDirPath = "";
			projectRoot = "";
			targets = (
				BC59A2F11F48F2470081DA17 /* RideShareApp */,
			);
		};
/* End PBXProject section */

/* Begin PBXResourcesBuildPhase section */
		BC59A2F01F48F2470081DA17 /* Resources */ = {
			isa = PBXResourcesBuildPhase;
			buildActionMask = 2147483647;
			files = (
				BC59A3001F48F2480081DA17 /* LaunchScreen.storyboard in Resources */,
				BC59A3081F48F2DB0081DA17 /* Assets.xcassets in Resources */,
				BC59A2FB1F48F2480081DA17 /* Main.storyboard in Resources */,
			);
			runOnlyForDeploymentPostprocessing = 0;
		};
/* End PBXResourcesBuildPhase section */

/* Begin PBXShellScriptBuildPhase section */
		551D08284C5057985F41A494 /* [CP] Check Pods Manifest.lock */ = {
			isa = PBXShellScriptBuildPhase;
			buildActionMask = 2147483647;
			files = (
			);
			inputPaths = (
			);
			name = "[CP] Check Pods Manifest.lock";
			outputPaths = (
			);
			runOnlyForDeploymentPostprocessing = 0;
			shellPath = /bin/sh;
			shellScript = "diff \"${PODS_PODFILE_DIR_PATH}/Podfile.lock\" \"${PODS_ROOT}/Manifest.lock\" > /dev/null\nif [ $? != 0 ] ; then\n    # print error to STDERR\n    echo \"error: The sandbox is not in sync with the Podfile.lock. Run 'pod install' or update your CocoaPods installation.\" >&2\n    exit 1\nfi\n";
			showEnvVarsInLog = 0;
		};
		623C7AB4CCD2E507ABA22C1E /* [CP] Copy Pods Resources */ = {
			isa = PBXShellScriptBuildPhase;
			buildActionMask = 2147483647;
			files = (
			);
			inputPaths = (
			);
			name = "[CP] Copy Pods Resources";
			outputPaths = (
			);
			runOnlyForDeploymentPostprocessing = 0;
			shellPath = /bin/sh;
			shellScript = "\"${SRCROOT}/Pods/Target Support Files/Pods-RideShareApp/Pods-RideShareApp-resources.sh\"\n";
			showEnvVarsInLog = 0;
		};
		9B5F3155B38B84E801C0B0A5 /* [CP] Embed Pods Frameworks */ = {
			isa = PBXShellScriptBuildPhase;
			buildActionMask = 2147483647;
			files = (
			);
			inputPaths = (
			);
			name = "[CP] Embed Pods Frameworks";
			outputPaths = (
			);
			runOnlyForDeploymentPostprocessing = 0;
			shellPath = /bin/sh;
			shellScript = "\"${SRCROOT}/Pods/Target Support Files/Pods-RideShareApp/Pods-RideShareApp-frameworks.sh\"\n";
			showEnvVarsInLog = 0;
		};
/* End PBXShellScriptBuildPhase section */

/* Begin PBXSourcesBuildPhase section */
		BC59A2EE1F48F2470081DA17 /* Sources */ = {
			isa = PBXSourcesBuildPhase;
			buildActionMask = 2147483647;
			files = (
				BC2FD47D1F49B0C6002CB210 /* Gradiant View.swift in Sources */,
				BC14AD8D1F4A9763002005C1 /* RoundedImageView.swift in Sources */,
				BC14AD8B1F4A95E4002005C1 /* RoundedShadowView.swift in Sources */,
				BC59A2F81F48F2480081DA17 /* ViewController.swift in Sources */,
				BC59A2F61F48F2480081DA17 /* AppDelegate.swift in Sources */,
			);
			runOnlyForDeploymentPostprocessing = 0;
		};
/* End PBXSourcesBuildPhase section */

/* Begin PBXVariantGroup section */
		BC59A2F91F48F2480081DA17 /* Main.storyboard */ = {
			isa = PBXVariantGroup;
			children = (
				BC59A2FA1F48F2480081DA17 /* Base */,
			);
			name = Main.storyboard;
			sourceTree = "<group>";
		};
		BC59A2FE1F48F2480081DA17 /* LaunchScreen.storyboard */ = {
			isa = PBXVariantGroup;
			children = (
				BC59A2FF1F48F2480081DA17 /* Base */,
			);
			name = LaunchScreen.storyboard;
			sourceTree = "<group>";
		};
/* End PBXVariantGroup section */

/* Begin XCBuildConfiguration section */
		BC59A3021F48F2480081DA17 /* Debug */ = {
			isa = XCBuildConfiguration;
			buildSettings = {
				ALWAYS_SEARCH_USER_PATHS = NO;
				CLANG_ANALYZER_NONNULL = YES;
				CLANG_ANALYZER_NUMBER_OBJECT_CONVERSION = YES_AGGRESSIVE;
				CLANG_CXX_LANGUAGE_STANDARD = "gnu++0x";
				CLANG_CXX_LIBRARY = "libc++";
				CLANG_ENABLE_MODULES = YES;
				CLANG_ENABLE_OBJC_ARC = YES;
				CLANG_WARN_BOOL_CONVERSION = YES;
				CLANG_WARN_CONSTANT_CONVERSION = YES;
				CLANG_WARN_DIRECT_OBJC_ISA_USAGE = YES_ERROR;
				CLANG_WARN_DOCUMENTATION_COMMENTS = YES;
				CLANG_WARN_EMPTY_BODY = YES;
				CLANG_WARN_ENUM_CONVERSION = YES;
				CLANG_WARN_INFINITE_RECURSION = YES;
				CLANG_WARN_INT_CONVERSION = YES;
				CLANG_WARN_OBJC_ROOT_CLASS = YES_ERROR;
				CLANG_WARN_SUSPICIOUS_MOVE = YES;
				CLANG_WARN_UNREACHABLE_CODE = YES;
				CLANG_WARN__DUPLICATE_METHOD_MATCH = YES;
				"CODE_SIGN_IDENTITY[sdk=iphoneos*]" = "iPhone Developer";
				COPY_PHASE_STRIP = NO;
				DEBUG_INFORMATION_FORMAT = dwarf;
				ENABLE_STRICT_OBJC_MSGSEND = YES;
				ENABLE_TESTABILITY = YES;
				GCC_C_LANGUAGE_STANDARD = gnu99;
				GCC_DYNAMIC_NO_PIC = NO;
				GCC_NO_COMMON_BLOCKS = YES;
				GCC_OPTIMIZATION_LEVEL = 0;
				GCC_PREPROCESSOR_DEFINITIONS = (
					"DEBUG=1",
					"$(inherited)",
				);
				GCC_WARN_64_TO_32_BIT_CONVERSION = YES;
				GCC_WARN_ABOUT_RETURN_TYPE = YES_ERROR;
				GCC_WARN_UNDECLARED_SELECTOR = YES;
				GCC_WARN_UNINITIALIZED_AUTOS = YES_AGGRESSIVE;
				GCC_WARN_UNUSED_FUNCTION = YES;
				GCC_WARN_UNUSED_VARIABLE = YES;
				IPHONEOS_DEPLOYMENT_TARGET = 10.3;
				MTL_ENABLE_DEBUG_INFO = YES;
				ONLY_ACTIVE_ARCH = YES;
				SDKROOT = iphoneos;
				SWIFT_ACTIVE_COMPILATION_CONDITIONS = DEBUG;
				SWIFT_OPTIMIZATION_LEVEL = "-Onone";
				TARGETED_DEVICE_FAMILY = "1,2";
			};
			name = Debug;
		};
		BC59A3031F48F2480081DA17 /* Release */ = {
			isa = XCBuildConfiguration;
			buildSettings = {
				ALWAYS_SEARCH_USER_PATHS = NO;
				CLANG_ANALYZER_NONNULL = YES;
				CLANG_ANALYZER_NUMBER_OBJECT_CONVERSION = YES_AGGRESSIVE;
				CLANG_CXX_LANGUAGE_STANDARD = "gnu++0x";
				CLANG_CXX_LIBRARY = "libc++";
				CLANG_ENABLE_MODULES = YES;
				CLANG_ENABLE_OBJC_ARC = YES;
				CLANG_WARN_BOOL_CONVERSION = YES;
				CLANG_WARN_CONSTANT_CONVERSION = YES;
				CLANG_WARN_DIRECT_OBJC_ISA_USAGE = YES_ERROR;
				CLANG_WARN_DOCUMENTATION_COMMENTS = YES;
				CLANG_WARN_EMPTY_BODY = YES;
				CLANG_WARN_ENUM_CONVERSION = YES;
				CLANG_WARN_INFINITE_RECURSION = YES;
				CLANG_WARN_INT_CONVERSION = YES;
				CLANG_WARN_OBJC_ROOT_CLASS = YES_ERROR;
				CLANG_WARN_SUSPICIOUS_MOVE = YES;
				CLANG_WARN_UNREACHABLE_CODE = YES;
				CLANG_WARN__DUPLICATE_METHOD_MATCH = YES;
				"CODE_SIGN_IDENTITY[sdk=iphoneos*]" = "iPhone Developer";
				COPY_PHASE_STRIP = NO;
				DEBUG_INFORMATION_FORMAT = "dwarf-with-dsym";
				ENABLE_NS_ASSERTIONS = NO;
				ENABLE_STRICT_OBJC_MSGSEND = YES;
				GCC_C_LANGUAGE_STANDARD = gnu99;
				GCC_NO_COMMON_BLOCKS = YES;
				GCC_WARN_64_TO_32_BIT_CONVERSION = YES;
				GCC_WARN_ABOUT_RETURN_TYPE = YES_ERROR;
				GCC_WARN_UNDECLARED_SELECTOR = YES;
				GCC_WARN_UNINITIALIZED_AUTOS = YES_AGGRESSIVE;
				GCC_WARN_UNUSED_FUNCTION = YES;
				GCC_WARN_UNUSED_VARIABLE = YES;
				IPHONEOS_DEPLOYMENT_TARGET = 10.3;
				MTL_ENABLE_DEBUG_INFO = NO;
				SDKROOT = iphoneos;
				SWIFT_OPTIMIZATION_LEVEL = "-Owholemodule";
				TARGETED_DEVICE_FAMILY = "1,2";
				VALIDATE_PRODUCT = YES;
			};
			name = Release;
		};
		BC59A3051F48F2480081DA17 /* Debug */ = {
			isa = XCBuildConfiguration;
			baseConfigurationReference = C514F45A58CC283619AE35E6 /* Pods-RideShareApp.debug.xcconfig */;
			buildSettings = {
				ASSETCATALOG_COMPILER_APPICON_NAME = AppIcon;
				DEVELOPMENT_TEAM = 4XKJH5X7T2;
				INFOPLIST_FILE = RideShareApp/Info.plist;
				LD_RUNPATH_SEARCH_PATHS = "$(inherited) @executable_path/Frameworks";
				PRODUCT_BUNDLE_IDENTIFIER = paramyonzon.RideShareApp;
				PRODUCT_NAME = "$(TARGET_NAME)";
				SWIFT_VERSION = 3.0;
			};
			name = Debug;
		};
		BC59A3061F48F2480081DA17 /* Release */ = {
			isa = XCBuildConfiguration;
			baseConfigurationReference = 1FE3C927836EC63BB0DC7F3B /* Pods-RideShareApp.release.xcconfig */;
			buildSettings = {
				ASSETCATALOG_COMPILER_APPICON_NAME = AppIcon;
				DEVELOPMENT_TEAM = 4XKJH5X7T2;
				INFOPLIST_FILE = RideShareApp/Info.plist;
				LD_RUNPATH_SEARCH_PATHS = "$(inherited) @executable_path/Frameworks";
				PRODUCT_BUNDLE_IDENTIFIER = paramyonzon.RideShareApp;
				PRODUCT_NAME = "$(TARGET_NAME)";
				SWIFT_VERSION = 3.0;
			};
			name = Release;
		};
/* End XCBuildConfiguration section */

/* Begin XCConfigurationList section */
		BC59A2ED1F48F2470081DA17 /* Build configuration list for PBXProject "RideShareApp" */ = {
			isa = XCConfigurationList;
			buildConfigurations = (
				BC59A3021F48F2480081DA17 /* Debug */,
				BC59A3031F48F2480081DA17 /* Release */,
			);
			defaultConfigurationIsVisible = 0;
			defaultConfigurationName = Release;
		};
		BC59A3041F48F2480081DA17 /* Build configuration list for PBXNativeTarget "RideShareApp" */ = {
			isa = XCConfigurationList;
			buildConfigurations = (
				BC59A3051F48F2480081DA17 /* Debug */,
				BC59A3061F48F2480081DA17 /* Release */,
			);
			defaultConfigurationIsVisible = 0;
			defaultConfigurationName = Release;
		};
/* End XCConfigurationList section */
	};
	rootObject = BC59A2EA1F48F2470081DA17 /* Project object */;
}
